
Microsoft Visual Studio Solution File, Format Version 12.00
# Visual Studio Version 17
VisualStudioVersion = 17.7.34024.191
MinimumVisualStudioVersion = 10.0.40219.1
Project("{FAE04EC0-301F-11D3-BF4B-00C04F79EFBC}") = "2023.11.20.oop.2", "2023.11.20.oop.2.csproj", "{B78D9F6F-7B1F-4724-92A0-389FD4FD8524}"
EndProject
Global
	GlobalSection(SolutionConfigurationPlatforms) = preSolution
		Debug|Any CPU = Debug|Any CPU
		Release|Any CPU = Release|Any CPU
	EndGlobalSection
	GlobalSection(ProjectConfigurationPlatforms) = postSolution
		{B78D9F6F-7B1F-4724-92A0-389FD4FD8524}.Debug|Any CPU.ActiveCfg = Debug|Any CPU
		{B78D9F6F-7B1F-4724-92A0-389FD4FD8524}.Debug|Any CPU.Build.0 = Debug|Any CPU
		{B78D9F6F-7B1F-4724-92A0-389FD4FD8524}.Release|Any CPU.ActiveCfg = Release|Any CPU
		{B78D9F6F-7B1F-4724-92A0-389FD4FD8524}.Release|Any CPU.Build.0 = Release|Any CPU
	EndGlobalSection
	GlobalSection(SolutionProperties) = preSolution
		HideSolutionNode = FALSE
	EndGlobalSection
	GlobalSection(ExtensibilityGlobals) = postSolution
		SolutionGuid = {1A7B2321-B80D-4321-ADA8-B805BBFEDC6F}
	EndGlobalSection
EndGlobal
