
Microsoft Visual Studio Solution File, Format Version 12.00
# Visual Studio Version 17
VisualStudioVersion = 17.7.34024.191
MinimumVisualStudioVersion = 10.0.40219.1
Project("{FAE04EC0-301F-11D3-BF4B-00C04F79EFBC}") = "rekurzio_gui", "rekurzio_gui.csproj", "{49E4E6F7-C9D0-455F-83DF-C793F8DD86F7}"
EndProject
Global
	GlobalSection(SolutionConfigurationPlatforms) = preSolution
		Debug|Any CPU = Debug|Any CPU
		Release|Any CPU = Release|Any CPU
	EndGlobalSection
	GlobalSection(ProjectConfigurationPlatforms) = postSolution
		{49E4E6F7-C9D0-455F-83DF-C793F8DD86F7}.Debug|Any CPU.ActiveCfg = Debug|Any CPU
		{49E4E6F7-C9D0-455F-83DF-C793F8DD86F7}.Debug|Any CPU.Build.0 = Debug|Any CPU
		{49E4E6F7-C9D0-455F-83DF-C793F8DD86F7}.Release|Any CPU.ActiveCfg = Release|Any CPU
		{49E4E6F7-C9D0-455F-83DF-C793F8DD86F7}.Release|Any CPU.Build.0 = Release|Any CPU
	EndGlobalSection
	GlobalSection(SolutionProperties) = preSolution
		HideSolutionNode = FALSE
	EndGlobalSection
	GlobalSection(ExtensibilityGlobals) = postSolution
		SolutionGuid = {5C7E4E85-0CCC-47CE-AB21-18EDC1D1D05B}
	EndGlobalSection
EndGlobal
