
Microsoft Visual Studio Solution File, Format Version 12.00
# Visual Studio Version 17
VisualStudioVersion = 17.7.34024.191
MinimumVisualStudioVersion = 10.0.40219.1
Project("{FAE04EC0-301F-11D3-BF4B-00C04F79EFBC}") = "adatbazis_feladat", "adatbazis_feladat.csproj", "{278817AE-EF4E-4B8B-80FF-0287CFC4E7D8}"
EndProject
Global
	GlobalSection(SolutionConfigurationPlatforms) = preSolution
		Debug|Any CPU = Debug|Any CPU
		Release|Any CPU = Release|Any CPU
	EndGlobalSection
	GlobalSection(ProjectConfigurationPlatforms) = postSolution
		{278817AE-EF4E-4B8B-80FF-0287CFC4E7D8}.Debug|Any CPU.ActiveCfg = Debug|Any CPU
		{278817AE-EF4E-4B8B-80FF-0287CFC4E7D8}.Debug|Any CPU.Build.0 = Debug|Any CPU
		{278817AE-EF4E-4B8B-80FF-0287CFC4E7D8}.Release|Any CPU.ActiveCfg = Release|Any CPU
		{278817AE-EF4E-4B8B-80FF-0287CFC4E7D8}.Release|Any CPU.Build.0 = Release|Any CPU
	EndGlobalSection
	GlobalSection(SolutionProperties) = preSolution
		HideSolutionNode = FALSE
	EndGlobalSection
	GlobalSection(ExtensibilityGlobals) = postSolution
		SolutionGuid = {18386BC6-B6CE-4F3D-ACF7-43DA1956C6DA}
	EndGlobalSection
EndGlobal
